// !$*UTF8*$!
{
	archiveVersion = 1;
	classes = {
	};
	objectVersion = 55;
	objects = {

/* Begin PBXBuildFile section */
		470C0718FB7F8327960C9AF8 /* Pods_PhotoLibraryTests.framework in Frameworks */ = {isa = PBXBuildFile; fileRef = 14143EEC566C13BD35CEC79D /* Pods_PhotoLibraryTests.framework */; };
		9625F5B727C7BD5300F305E4 /* UISearch+Extensions.swift in Sources */ = {isa = PBXBuildFile; fileRef = 9625F5B627C7BD5300F305E4 /* UISearch+Extensions.swift */; };
		9625F5BB27C7CDCA00F305E4 /* SearchViewModelTests.swift in Sources */ = {isa = PBXBuildFile; fileRef = 9625F5BA27C7CDCA00F305E4 /* SearchViewModelTests.swift */; };
		9625F5BF27C7CEF600F305E4 /* SearchServiceResponse.json in Resources */ = {isa = PBXBuildFile; fileRef = 9625F5BE27C7CEF600F305E4 /* SearchServiceResponse.json */; };
		96677EB927C128CF0046F2CC /* AppDelegate.swift in Sources */ = {isa = PBXBuildFile; fileRef = 96677EB827C128CF0046F2CC /* AppDelegate.swift */; };
		96677EBB27C128CF0046F2CC /* SceneDelegate.swift in Sources */ = {isa = PBXBuildFile; fileRef = 96677EBA27C128CF0046F2CC /* SceneDelegate.swift */; };
		96677EC227C128D10046F2CC /* Assets.xcassets in Resources */ = {isa = PBXBuildFile; fileRef = 96677EC127C128D10046F2CC /* Assets.xcassets */; };
		96677EC527C128D10046F2CC /* LaunchScreen.storyboard in Resources */ = {isa = PBXBuildFile; fileRef = 96677EC327C128D10046F2CC /* LaunchScreen.storyboard */; };
		96677EFF27C13AC10046F2CC /* EndPointType.swift in Sources */ = {isa = PBXBuildFile; fileRef = 96677EFE27C13AC10046F2CC /* EndPointType.swift */; };
		96677F0127C13B1D0046F2CC /* HTTPMethod.swift in Sources */ = {isa = PBXBuildFile; fileRef = 96677F0027C13B1D0046F2CC /* HTTPMethod.swift */; };
		96677F0327C13B670046F2CC /* HTTPTask.swift in Sources */ = {isa = PBXBuildFile; fileRef = 96677F0227C13B670046F2CC /* HTTPTask.swift */; };
		96677F0627C13BC10046F2CC /* JSONParameterEncoder.swift in Sources */ = {isa = PBXBuildFile; fileRef = 96677F0527C13BC10046F2CC /* JSONParameterEncoder.swift */; };
		96677F0827C13BE30046F2CC /* ParameterEncoding.swift in Sources */ = {isa = PBXBuildFile; fileRef = 96677F0727C13BE30046F2CC /* ParameterEncoding.swift */; };
		96677F0A27C13C030046F2CC /* URLParameterEncoder.swift in Sources */ = {isa = PBXBuildFile; fileRef = 96677F0927C13C030046F2CC /* URLParameterEncoder.swift */; };
		96677F0C27C13C710046F2CC /* RestAPIService.swift in Sources */ = {isa = PBXBuildFile; fileRef = 96677F0B27C13C710046F2CC /* RestAPIService.swift */; };
		96677F0E27C13CA70046F2CC /* RestResponse.swift in Sources */ = {isa = PBXBuildFile; fileRef = 96677F0D27C13CA70046F2CC /* RestResponse.swift */; };
		96677F1027C13CBE0046F2CC /* Router.swift in Sources */ = {isa = PBXBuildFile; fileRef = 96677F0F27C13CBE0046F2CC /* Router.swift */; };
		96677F1327C13D2A0046F2CC /* APIError.swift in Sources */ = {isa = PBXBuildFile; fileRef = 96677F1227C13D2A0046F2CC /* APIError.swift */; };
		96677F1527C13D9E0046F2CC /* ServiceError.swift in Sources */ = {isa = PBXBuildFile; fileRef = 96677F1427C13D9E0046F2CC /* ServiceError.swift */; };
		96677F1E27C144840046F2CC /* HomeCollectionViewController.swift in Sources */ = {isa = PBXBuildFile; fileRef = 96677F1D27C144840046F2CC /* HomeCollectionViewController.swift */; };
		96677F2027C147EF0046F2CC /* HomeViewModel.swift in Sources */ = {isa = PBXBuildFile; fileRef = 96677F1F27C147EF0046F2CC /* HomeViewModel.swift */; };
		96677F2327C157DE0046F2CC /* ImageService.swift in Sources */ = {isa = PBXBuildFile; fileRef = 96677F2227C157DE0046F2CC /* ImageService.swift */; };
		96677F2627C157F20046F2CC /* ImageClient.swift in Sources */ = {isa = PBXBuildFile; fileRef = 96677F2527C157F20046F2CC /* ImageClient.swift */; };
		96677F2827C15A190046F2CC /* ImageServiceResponse.swift in Sources */ = {isa = PBXBuildFile; fileRef = 96677F2727C15A190046F2CC /* ImageServiceResponse.swift */; };
		96677F2B27C15E7D0046F2CC /* ImageEndPoint.swift in Sources */ = {isa = PBXBuildFile; fileRef = 96677F2A27C15E7D0046F2CC /* ImageEndPoint.swift */; };
		96677F2D27C15FE40046F2CC /* Environment.swift in Sources */ = {isa = PBXBuildFile; fileRef = 96677F2C27C15FE40046F2CC /* Environment.swift */; };
		96677F3127C171EF0046F2CC /* HomeCollectionViewDataSource.swift in Sources */ = {isa = PBXBuildFile; fileRef = 96677F3027C171EF0046F2CC /* HomeCollectionViewDataSource.swift */; };
		96677F3327C172050046F2CC /* HomeCollectionViewDelegate.swift in Sources */ = {isa = PBXBuildFile; fileRef = 96677F3227C172050046F2CC /* HomeCollectionViewDelegate.swift */; };
		96677F3527C173B00046F2CC /* Reusable.swift in Sources */ = {isa = PBXBuildFile; fileRef = 96677F3427C173B00046F2CC /* Reusable.swift */; };
		96677F3727C174300046F2CC /* NibLoadable.swift in Sources */ = {isa = PBXBuildFile; fileRef = 96677F3627C174300046F2CC /* NibLoadable.swift */; };
		96677F3B27C176530046F2CC /* CustomCollectionViewCell.swift in Sources */ = {isa = PBXBuildFile; fileRef = 96677F3927C176530046F2CC /* CustomCollectionViewCell.swift */; };
		96677F3C27C176530046F2CC /* CustomCollectionViewCell.xib in Resources */ = {isa = PBXBuildFile; fileRef = 96677F3A27C176530046F2CC /* CustomCollectionViewCell.xib */; };
		96677F3F27C178300046F2CC /* Kingfisher in Frameworks */ = {isa = PBXBuildFile; productRef = 96677F3E27C178300046F2CC /* Kingfisher */; };
		96677F4227C181490046F2CC /* ImageDetailViewController.swift in Sources */ = {isa = PBXBuildFile; fileRef = 96677F4127C181490046F2CC /* ImageDetailViewController.swift */; };
		96677F4527C182960046F2CC /* ImageDetailViewModel.swift in Sources */ = {isa = PBXBuildFile; fileRef = 96677F4427C182960046F2CC /* ImageDetailViewModel.swift */; };
		9697A96127C235FA006EA4F7 /* HomeCollectionViewController.xib in Resources */ = {isa = PBXBuildFile; fileRef = 9697A96027C235FA006EA4F7 /* HomeCollectionViewController.xib */; };
		9697A96D27C24E87006EA4F7 /* TabBarController.swift in Sources */ = {isa = PBXBuildFile; fileRef = 9697A96C27C24E87006EA4F7 /* TabBarController.swift */; };
		9697A97527C26BCB006EA4F7 /* ImageDetailViewController.xib in Resources */ = {isa = PBXBuildFile; fileRef = 9697A97427C26BCB006EA4F7 /* ImageDetailViewController.xib */; };
		9697A97827C26E43006EA4F7 /* FavouritesViewController.swift in Sources */ = {isa = PBXBuildFile; fileRef = 9697A97627C26E43006EA4F7 /* FavouritesViewController.swift */; };
		9697A97927C26E43006EA4F7 /* FavouritesViewController.xib in Resources */ = {isa = PBXBuildFile; fileRef = 9697A97727C26E43006EA4F7 /* FavouritesViewController.xib */; };
		96ABE79B27C6387E0064D9DE /* FavouriteViewModel.swift in Sources */ = {isa = PBXBuildFile; fileRef = 96ABE79A27C6387E0064D9DE /* FavouriteViewModel.swift */; };
		96ABE79E27C63B830064D9DE /* FavouriteCollectionViewDataSource.swift in Sources */ = {isa = PBXBuildFile; fileRef = 96ABE79D27C63B830064D9DE /* FavouriteCollectionViewDataSource.swift */; };
		96ABE7A027C63B920064D9DE /* FavouriteCollectionViewDelegate.swift in Sources */ = {isa = PBXBuildFile; fileRef = 96ABE79F27C63B920064D9DE /* FavouriteCollectionViewDelegate.swift */; };
		96ABE7A227C63FFD0064D9DE /* FavouriteImageServiceResponse.swift in Sources */ = {isa = PBXBuildFile; fileRef = 96ABE7A127C63FFD0064D9DE /* FavouriteImageServiceResponse.swift */; };
		96ABE7AA27C65ECF0064D9DE /* FavouriteResponse.swift in Sources */ = {isa = PBXBuildFile; fileRef = 96ABE7A927C65ECF0064D9DE /* FavouriteResponse.swift */; };
		96ABE7AE27C76F8D0064D9DE /* MockImageSuccessService.swift in Sources */ = {isa = PBXBuildFile; fileRef = 96ABE7AD27C76F8D0064D9DE /* MockImageSuccessService.swift */; };
		96ABE7B027C770EA0064D9DE /* MockImageFailureService.swift in Sources */ = {isa = PBXBuildFile; fileRef = 96ABE7AF27C770EA0064D9DE /* MockImageFailureService.swift */; };
		96ABE7B227C7716B0064D9DE /* StubGenerator.swift in Sources */ = {isa = PBXBuildFile; fileRef = 96ABE7B127C7716B0064D9DE /* StubGenerator.swift */; };
		96ABE7B427C7718F0064D9DE /* FileUtility.swift in Sources */ = {isa = PBXBuildFile; fileRef = 96ABE7B327C7718F0064D9DE /* FileUtility.swift */; };
		96ABE7B727C774360064D9DE /* ImageServiceResponse.json in Resources */ = {isa = PBXBuildFile; fileRef = 96ABE7B627C774360064D9DE /* ImageServiceResponse.json */; };
		96ABE7B927C774970064D9DE /* FavouriteResponse.json in Resources */ = {isa = PBXBuildFile; fileRef = 96ABE7B827C774970064D9DE /* FavouriteResponse.json */; };
		96ABE7BB27C774CB0064D9DE /* FavouriteImageServiceResponse.json in Resources */ = {isa = PBXBuildFile; fileRef = 96ABE7BA27C774CB0064D9DE /* FavouriteImageServiceResponse.json */; };
		96ABE7BD27C7768D0064D9DE /* ImageClientTests.swift in Sources */ = {isa = PBXBuildFile; fileRef = 96ABE7BC27C7768D0064D9DE /* ImageClientTests.swift */; };
		96ABE7C027C777A50064D9DE /* HomeViewModelTests.swift in Sources */ = {isa = PBXBuildFile; fileRef = 96ABE7BF27C777A50064D9DE /* HomeViewModelTests.swift */; };
		96ABE7C227C77A500064D9DE /* FavouriteViewModelTests.swift in Sources */ = {isa = PBXBuildFile; fileRef = 96ABE7C127C77A500064D9DE /* FavouriteViewModelTests.swift */; };
		96ABE7C427C77C020064D9DE /* HomeCollectionViewControllerTests.swift in Sources */ = {isa = PBXBuildFile; fileRef = 96ABE7C327C77C020064D9DE /* HomeCollectionViewControllerTests.swift */; };
		96ABE7C627C77D360064D9DE /* ImageDetailViewControllerTests.swift in Sources */ = {isa = PBXBuildFile; fileRef = 96ABE7C527C77D360064D9DE /* ImageDetailViewControllerTests.swift */; };
		96ABE7C827C7845E0064D9DE /* GalleryServiceResponse.swift in Sources */ = {isa = PBXBuildFile; fileRef = 96ABE7C727C7845E0064D9DE /* GalleryServiceResponse.swift */; };
		96ABE7CA27C785F00064D9DE /* GalleryServiceResponse.json in Resources */ = {isa = PBXBuildFile; fileRef = 96ABE7C927C785F00064D9DE /* GalleryServiceResponse.json */; };
		96ABE7CE27C791E00064D9DE /* SearchCollectionViewController.swift in Sources */ = {isa = PBXBuildFile; fileRef = 96ABE7CC27C791E00064D9DE /* SearchCollectionViewController.swift */; };
		96ABE7CF27C791E00064D9DE /* SearchCollectionViewController.xib in Resources */ = {isa = PBXBuildFile; fileRef = 96ABE7CD27C791E00064D9DE /* SearchCollectionViewController.xib */; };
		96ABE7D127C792B50064D9DE /* SearchViewModel.swift in Sources */ = {isa = PBXBuildFile; fileRef = 96ABE7D027C792B50064D9DE /* SearchViewModel.swift */; };
		96ABE7D427C794F70064D9DE /* SearchCollectionViewDataSource.swift in Sources */ = {isa = PBXBuildFile; fileRef = 96ABE7D327C794F70064D9DE /* SearchCollectionViewDataSource.swift */; };
		96ABE7D627C7950C0064D9DE /* SearchCollectionViewDelegate.swift in Sources */ = {isa = PBXBuildFile; fileRef = 96ABE7D527C7950C0064D9DE /* SearchCollectionViewDelegate.swift */; };
		96ABE7DA27C7AF9F0064D9DE /* GalleryCollectionViewCell.swift in Sources */ = {isa = PBXBuildFile; fileRef = 96ABE7D827C7AF9F0064D9DE /* GalleryCollectionViewCell.swift */; };
		96ABE7DB27C7AF9F0064D9DE /* GalleryCollectionViewCell.xib in Resources */ = {isa = PBXBuildFile; fileRef = 96ABE7D927C7AF9F0064D9DE /* GalleryCollectionViewCell.xib */; };
		C74B196716EADBA50D383743 /* Pods_PhotoLibrary.framework in Frameworks */ = {isa = PBXBuildFile; fileRef = EE522E37FDAFE3C7FF776864 /* Pods_PhotoLibrary.framework */; };
/* End PBXBuildFile section */

/* Begin PBXContainerItemProxy section */
		96677ECC27C128D10046F2CC /* PBXContainerItemProxy */ = {
			isa = PBXContainerItemProxy;
			containerPortal = 96677EAD27C128CE0046F2CC /* Project object */;
			proxyType = 1;
			remoteGlobalIDString = 96677EB427C128CF0046F2CC;
			remoteInfo = PhotoLibrary;
		};
/* End PBXContainerItemProxy section */

/* Begin PBXFileReference section */
		14143EEC566C13BD35CEC79D /* Pods_PhotoLibraryTests.framework */ = {isa = PBXFileReference; explicitFileType = wrapper.framework; includeInIndex = 0; path = Pods_PhotoLibraryTests.framework; sourceTree = BUILT_PRODUCTS_DIR; };
		2C3C005FE01D2950A4B5FE7B /* Pods_PhotoLibraryUITests.framework */ = {isa = PBXFileReference; explicitFileType = wrapper.framework; includeInIndex = 0; path = Pods_PhotoLibraryUITests.framework; sourceTree = BUILT_PRODUCTS_DIR; };
		30C5E45FB057C92D19D7D1B8 /* Pods-PhotoLibraryUITests.debug.xcconfig */ = {isa = PBXFileReference; includeInIndex = 1; lastKnownFileType = text.xcconfig; name = "Pods-PhotoLibraryUITests.debug.xcconfig"; path = "Target Support Files/Pods-PhotoLibraryUITests/Pods-PhotoLibraryUITests.debug.xcconfig"; sourceTree = "<group>"; };
		499F4693EDA25322EFD5A6FB /* Pods-PhotoLibraryTests.release.xcconfig */ = {isa = PBXFileReference; includeInIndex = 1; lastKnownFileType = text.xcconfig; name = "Pods-PhotoLibraryTests.release.xcconfig"; path = "Target Support Files/Pods-PhotoLibraryTests/Pods-PhotoLibraryTests.release.xcconfig"; sourceTree = "<group>"; };
		57670B10EF06FD3116E012D2 /* Pods-PhotoLibrary-PhotoLibraryUITests.release.xcconfig */ = {isa = PBXFileReference; includeInIndex = 1; lastKnownFileType = text.xcconfig; name = "Pods-PhotoLibrary-PhotoLibraryUITests.release.xcconfig"; path = "Target Support Files/Pods-PhotoLibrary-PhotoLibraryUITests/Pods-PhotoLibrary-PhotoLibraryUITests.release.xcconfig"; sourceTree = "<group>"; };
		9625F5B627C7BD5300F305E4 /* UISearch+Extensions.swift */ = {isa = PBXFileReference; lastKnownFileType = sourcecode.swift; path = "UISearch+Extensions.swift"; sourceTree = "<group>"; };
		9625F5BA27C7CDCA00F305E4 /* SearchViewModelTests.swift */ = {isa = PBXFileReference; lastKnownFileType = sourcecode.swift; path = SearchViewModelTests.swift; sourceTree = "<group>"; };
		9625F5BE27C7CEF600F305E4 /* SearchServiceResponse.json */ = {isa = PBXFileReference; lastKnownFileType = text.json; path = SearchServiceResponse.json; sourceTree = "<group>"; };
		96677EB527C128CF0046F2CC /* PhotoLibrary.app */ = {isa = PBXFileReference; explicitFileType = wrapper.application; includeInIndex = 0; path = PhotoLibrary.app; sourceTree = BUILT_PRODUCTS_DIR; };
		96677EB827C128CF0046F2CC /* AppDelegate.swift */ = {isa = PBXFileReference; lastKnownFileType = sourcecode.swift; path = AppDelegate.swift; sourceTree = "<group>"; };
		96677EBA27C128CF0046F2CC /* SceneDelegate.swift */ = {isa = PBXFileReference; lastKnownFileType = sourcecode.swift; path = SceneDelegate.swift; sourceTree = "<group>"; };
		96677EC127C128D10046F2CC /* Assets.xcassets */ = {isa = PBXFileReference; lastKnownFileType = folder.assetcatalog; path = Assets.xcassets; sourceTree = "<group>"; };
		96677EC427C128D10046F2CC /* Base */ = {isa = PBXFileReference; lastKnownFileType = file.storyboard; name = Base; path = Base.lproj/LaunchScreen.storyboard; sourceTree = "<group>"; };
		96677EC627C128D10046F2CC /* Info.plist */ = {isa = PBXFileReference; lastKnownFileType = text.plist.xml; path = Info.plist; sourceTree = "<group>"; };
		96677ECB27C128D10046F2CC /* PhotoLibraryTests.xctest */ = {isa = PBXFileReference; explicitFileType = wrapper.cfbundle; includeInIndex = 0; path = PhotoLibraryTests.xctest; sourceTree = BUILT_PRODUCTS_DIR; };
		96677EFE27C13AC10046F2CC /* EndPointType.swift */ = {isa = PBXFileReference; lastKnownFileType = sourcecode.swift; path = EndPointType.swift; sourceTree = "<group>"; };
		96677F0027C13B1D0046F2CC /* HTTPMethod.swift */ = {isa = PBXFileReference; lastKnownFileType = sourcecode.swift; path = HTTPMethod.swift; sourceTree = "<group>"; };
		96677F0227C13B670046F2CC /* HTTPTask.swift */ = {isa = PBXFileReference; lastKnownFileType = sourcecode.swift; path = HTTPTask.swift; sourceTree = "<group>"; };
		96677F0527C13BC10046F2CC /* JSONParameterEncoder.swift */ = {isa = PBXFileReference; lastKnownFileType = sourcecode.swift; path = JSONParameterEncoder.swift; sourceTree = "<group>"; };
		96677F0727C13BE30046F2CC /* ParameterEncoding.swift */ = {isa = PBXFileReference; lastKnownFileType = sourcecode.swift; path = ParameterEncoding.swift; sourceTree = "<group>"; };
		96677F0927C13C030046F2CC /* URLParameterEncoder.swift */ = {isa = PBXFileReference; lastKnownFileType = sourcecode.swift; path = URLParameterEncoder.swift; sourceTree = "<group>"; };
		96677F0B27C13C710046F2CC /* RestAPIService.swift */ = {isa = PBXFileReference; lastKnownFileType = sourcecode.swift; path = RestAPIService.swift; sourceTree = "<group>"; };
		96677F0D27C13CA70046F2CC /* RestResponse.swift */ = {isa = PBXFileReference; lastKnownFileType = sourcecode.swift; path = RestResponse.swift; sourceTree = "<group>"; };
		96677F0F27C13CBE0046F2CC /* Router.swift */ = {isa = PBXFileReference; lastKnownFileType = sourcecode.swift; path = Router.swift; sourceTree = "<group>"; };
		96677F1227C13D2A0046F2CC /* APIError.swift */ = {isa = PBXFileReference; lastKnownFileType = sourcecode.swift; path = APIError.swift; sourceTree = "<group>"; };
		96677F1427C13D9E0046F2CC /* ServiceError.swift */ = {isa = PBXFileReference; lastKnownFileType = sourcecode.swift; path = ServiceError.swift; sourceTree = "<group>"; };
		96677F1D27C144840046F2CC /* HomeCollectionViewController.swift */ = {isa = PBXFileReference; lastKnownFileType = sourcecode.swift; path = HomeCollectionViewController.swift; sourceTree = "<group>"; };
		96677F1F27C147EF0046F2CC /* HomeViewModel.swift */ = {isa = PBXFileReference; lastKnownFileType = sourcecode.swift; path = HomeViewModel.swift; sourceTree = "<group>"; };
		96677F2227C157DE0046F2CC /* ImageService.swift */ = {isa = PBXFileReference; lastKnownFileType = sourcecode.swift; path = ImageService.swift; sourceTree = "<group>"; };
		96677F2527C157F20046F2CC /* ImageClient.swift */ = {isa = PBXFileReference; lastKnownFileType = sourcecode.swift; path = ImageClient.swift; sourceTree = "<group>"; };
		96677F2727C15A190046F2CC /* ImageServiceResponse.swift */ = {isa = PBXFileReference; lastKnownFileType = sourcecode.swift; path = ImageServiceResponse.swift; sourceTree = "<group>"; };
		96677F2A27C15E7D0046F2CC /* ImageEndPoint.swift */ = {isa = PBXFileReference; lastKnownFileType = sourcecode.swift; path = ImageEndPoint.swift; sourceTree = "<group>"; };
		96677F2C27C15FE40046F2CC /* Environment.swift */ = {isa = PBXFileReference; lastKnownFileType = sourcecode.swift; path = Environment.swift; sourceTree = "<group>"; };
		96677F3027C171EF0046F2CC /* HomeCollectionViewDataSource.swift */ = {isa = PBXFileReference; lastKnownFileType = sourcecode.swift; path = HomeCollectionViewDataSource.swift; sourceTree = "<group>"; };
		96677F3227C172050046F2CC /* HomeCollectionViewDelegate.swift */ = {isa = PBXFileReference; lastKnownFileType = sourcecode.swift; path = HomeCollectionViewDelegate.swift; sourceTree = "<group>"; };
		96677F3427C173B00046F2CC /* Reusable.swift */ = {isa = PBXFileReference; lastKnownFileType = sourcecode.swift; path = Reusable.swift; sourceTree = "<group>"; };
		96677F3627C174300046F2CC /* NibLoadable.swift */ = {isa = PBXFileReference; lastKnownFileType = sourcecode.swift; path = NibLoadable.swift; sourceTree = "<group>"; };
		96677F3927C176530046F2CC /* CustomCollectionViewCell.swift */ = {isa = PBXFileReference; lastKnownFileType = sourcecode.swift; path = CustomCollectionViewCell.swift; sourceTree = "<group>"; };
		96677F3A27C176530046F2CC /* CustomCollectionViewCell.xib */ = {isa = PBXFileReference; lastKnownFileType = file.xib; path = CustomCollectionViewCell.xib; sourceTree = "<group>"; };
		96677F4127C181490046F2CC /* ImageDetailViewController.swift */ = {isa = PBXFileReference; lastKnownFileType = sourcecode.swift; path = ImageDetailViewController.swift; sourceTree = "<group>"; };
		96677F4427C182960046F2CC /* ImageDetailViewModel.swift */ = {isa = PBXFileReference; lastKnownFileType = sourcecode.swift; path = ImageDetailViewModel.swift; sourceTree = "<group>"; };
		9697A96027C235FA006EA4F7 /* HomeCollectionViewController.xib */ = {isa = PBXFileReference; lastKnownFileType = file.xib; path = HomeCollectionViewController.xib; sourceTree = "<group>"; };
		9697A96C27C24E87006EA4F7 /* TabBarController.swift */ = {isa = PBXFileReference; lastKnownFileType = sourcecode.swift; path = TabBarController.swift; sourceTree = "<group>"; };
		9697A97427C26BCB006EA4F7 /* ImageDetailViewController.xib */ = {isa = PBXFileReference; lastKnownFileType = file.xib; path = ImageDetailViewController.xib; sourceTree = "<group>"; };
		9697A97627C26E43006EA4F7 /* FavouritesViewController.swift */ = {isa = PBXFileReference; lastKnownFileType = sourcecode.swift; path = FavouritesViewController.swift; sourceTree = "<group>"; };
		9697A97727C26E43006EA4F7 /* FavouritesViewController.xib */ = {isa = PBXFileReference; lastKnownFileType = file.xib; path = FavouritesViewController.xib; sourceTree = "<group>"; };
		96ABE79A27C6387E0064D9DE /* FavouriteViewModel.swift */ = {isa = PBXFileReference; lastKnownFileType = sourcecode.swift; path = FavouriteViewModel.swift; sourceTree = "<group>"; };
		96ABE79D27C63B830064D9DE /* FavouriteCollectionViewDataSource.swift */ = {isa = PBXFileReference; lastKnownFileType = sourcecode.swift; path = FavouriteCollectionViewDataSource.swift; sourceTree = "<group>"; };
		96ABE79F27C63B920064D9DE /* FavouriteCollectionViewDelegate.swift */ = {isa = PBXFileReference; lastKnownFileType = sourcecode.swift; path = FavouriteCollectionViewDelegate.swift; sourceTree = "<group>"; };
		96ABE7A127C63FFD0064D9DE /* FavouriteImageServiceResponse.swift */ = {isa = PBXFileReference; lastKnownFileType = sourcecode.swift; path = FavouriteImageServiceResponse.swift; sourceTree = "<group>"; };
		96ABE7A927C65ECF0064D9DE /* FavouriteResponse.swift */ = {isa = PBXFileReference; lastKnownFileType = sourcecode.swift; path = FavouriteResponse.swift; sourceTree = "<group>"; };
		96ABE7AD27C76F8D0064D9DE /* MockImageSuccessService.swift */ = {isa = PBXFileReference; lastKnownFileType = sourcecode.swift; path = MockImageSuccessService.swift; sourceTree = "<group>"; };
		96ABE7AF27C770EA0064D9DE /* MockImageFailureService.swift */ = {isa = PBXFileReference; lastKnownFileType = sourcecode.swift; path = MockImageFailureService.swift; sourceTree = "<group>"; };
		96ABE7B127C7716B0064D9DE /* StubGenerator.swift */ = {isa = PBXFileReference; lastKnownFileType = sourcecode.swift; path = StubGenerator.swift; sourceTree = "<group>"; };
		96ABE7B327C7718F0064D9DE /* FileUtility.swift */ = {isa = PBXFileReference; lastKnownFileType = sourcecode.swift; path = FileUtility.swift; sourceTree = "<group>"; };
		96ABE7B627C774360064D9DE /* ImageServiceResponse.json */ = {isa = PBXFileReference; lastKnownFileType = text.json; path = ImageServiceResponse.json; sourceTree = "<group>"; };
		96ABE7B827C774970064D9DE /* FavouriteResponse.json */ = {isa = PBXFileReference; lastKnownFileType = text.json; path = FavouriteResponse.json; sourceTree = "<group>"; };
		96ABE7BA27C774CB0064D9DE /* FavouriteImageServiceResponse.json */ = {isa = PBXFileReference; lastKnownFileType = text.json; path = FavouriteImageServiceResponse.json; sourceTree = "<group>"; };
		96ABE7BC27C7768D0064D9DE /* ImageClientTests.swift */ = {isa = PBXFileReference; lastKnownFileType = sourcecode.swift; path = ImageClientTests.swift; sourceTree = "<group>"; };
		96ABE7BF27C777A50064D9DE /* HomeViewModelTests.swift */ = {isa = PBXFileReference; lastKnownFileType = sourcecode.swift; path = HomeViewModelTests.swift; sourceTree = "<group>"; };
		96ABE7C127C77A500064D9DE /* FavouriteViewModelTests.swift */ = {isa = PBXFileReference; lastKnownFileType = sourcecode.swift; path = FavouriteViewModelTests.swift; sourceTree = "<group>"; };
		96ABE7C327C77C020064D9DE /* HomeCollectionViewControllerTests.swift */ = {isa = PBXFileReference; lastKnownFileType = sourcecode.swift; path = HomeCollectionViewControllerTests.swift; sourceTree = "<group>"; };
		96ABE7C527C77D360064D9DE /* ImageDetailViewControllerTests.swift */ = {isa = PBXFileReference; lastKnownFileType = sourcecode.swift; path = ImageDetailViewControllerTests.swift; sourceTree = "<group>"; };
		96ABE7C727C7845E0064D9DE /* GalleryServiceResponse.swift */ = {isa = PBXFileReference; lastKnownFileType = sourcecode.swift; path = GalleryServiceResponse.swift; sourceTree = "<group>"; };
		96ABE7C927C785F00064D9DE /* GalleryServiceResponse.json */ = {isa = PBXFileReference; lastKnownFileType = text.json; path = GalleryServiceResponse.json; sourceTree = "<group>"; };
		96ABE7CC27C791E00064D9DE /* SearchCollectionViewController.swift */ = {isa = PBXFileReference; lastKnownFileType = sourcecode.swift; path = SearchCollectionViewController.swift; sourceTree = "<group>"; };
		96ABE7CD27C791E00064D9DE /* SearchCollectionViewController.xib */ = {isa = PBXFileReference; lastKnownFileType = file.xib; path = SearchCollectionViewController.xib; sourceTree = "<group>"; };
		96ABE7D027C792B50064D9DE /* SearchViewModel.swift */ = {isa = PBXFileReference; lastKnownFileType = sourcecode.swift; path = SearchViewModel.swift; sourceTree = "<group>"; };
		96ABE7D327C794F70064D9DE /* SearchCollectionViewDataSource.swift */ = {isa = PBXFileReference; lastKnownFileType = sourcecode.swift; path = SearchCollectionViewDataSource.swift; sourceTree = "<group>"; };
		96ABE7D527C7950C0064D9DE /* SearchCollectionViewDelegate.swift */ = {isa = PBXFileReference; lastKnownFileType = sourcecode.swift; path = SearchCollectionViewDelegate.swift; sourceTree = "<group>"; };
		96ABE7D827C7AF9F0064D9DE /* GalleryCollectionViewCell.swift */ = {isa = PBXFileReference; lastKnownFileType = sourcecode.swift; path = GalleryCollectionViewCell.swift; sourceTree = "<group>"; };
		96ABE7D927C7AF9F0064D9DE /* GalleryCollectionViewCell.xib */ = {isa = PBXFileReference; lastKnownFileType = file.xib; path = GalleryCollectionViewCell.xib; sourceTree = "<group>"; };
		B5D6273C7F569BB5FE3791DF /* Pods-PhotoLibraryUITests.release.xcconfig */ = {isa = PBXFileReference; includeInIndex = 1; lastKnownFileType = text.xcconfig; name = "Pods-PhotoLibraryUITests.release.xcconfig"; path = "Target Support Files/Pods-PhotoLibraryUITests/Pods-PhotoLibraryUITests.release.xcconfig"; sourceTree = "<group>"; };
		B73C7FFFC9386CF5BB378D6D /* Pods-PhotoLibrary.release.xcconfig */ = {isa = PBXFileReference; includeInIndex = 1; lastKnownFileType = text.xcconfig; name = "Pods-PhotoLibrary.release.xcconfig"; path = "Target Support Files/Pods-PhotoLibrary/Pods-PhotoLibrary.release.xcconfig"; sourceTree = "<group>"; };
		D19D7B89F97C3FCB496FC0B8 /* Pods-PhotoLibrary.debug.xcconfig */ = {isa = PBXFileReference; includeInIndex = 1; lastKnownFileType = text.xcconfig; name = "Pods-PhotoLibrary.debug.xcconfig"; path = "Target Support Files/Pods-PhotoLibrary/Pods-PhotoLibrary.debug.xcconfig"; sourceTree = "<group>"; };
		E6B6753A7399A47F03EB4EEC /* Pods-PhotoLibrary-PhotoLibraryUITests.debug.xcconfig */ = {isa = PBXFileReference; includeInIndex = 1; lastKnownFileType = text.xcconfig; name = "Pods-PhotoLibrary-PhotoLibraryUITests.debug.xcconfig"; path = "Target Support Files/Pods-PhotoLibrary-PhotoLibraryUITests/Pods-PhotoLibrary-PhotoLibraryUITests.debug.xcconfig"; sourceTree = "<group>"; };
		EE522E37FDAFE3C7FF776864 /* Pods_PhotoLibrary.framework */ = {isa = PBXFileReference; explicitFileType = wrapper.framework; includeInIndex = 0; path = Pods_PhotoLibrary.framework; sourceTree = BUILT_PRODUCTS_DIR; };
		FD4821ABFD0FA9D1394A9A7A /* Pods-PhotoLibraryTests.debug.xcconfig */ = {isa = PBXFileReference; includeInIndex = 1; lastKnownFileType = text.xcconfig; name = "Pods-PhotoLibraryTests.debug.xcconfig"; path = "Target Support Files/Pods-PhotoLibraryTests/Pods-PhotoLibraryTests.debug.xcconfig"; sourceTree = "<group>"; };
/* End PBXFileReference section */

/* Begin PBXFrameworksBuildPhase section */
		96677EB227C128CF0046F2CC /* Frameworks */ = {
			isa = PBXFrameworksBuildPhase;
			buildActionMask = 2147483647;
			files = (
				96677F3F27C178300046F2CC /* Kingfisher in Frameworks */,
				C74B196716EADBA50D383743 /* Pods_PhotoLibrary.framework in Frameworks */,
			);
			runOnlyForDeploymentPostprocessing = 0;
		};
		96677EC827C128D10046F2CC /* Frameworks */ = {
			isa = PBXFrameworksBuildPhase;
			buildActionMask = 2147483647;
			files = (
				470C0718FB7F8327960C9AF8 /* Pods_PhotoLibraryTests.framework in Frameworks */,
			);
			runOnlyForDeploymentPostprocessing = 0;
		};
/* End PBXFrameworksBuildPhase section */

/* Begin PBXGroup section */
		82564B8498B0E5274A50B040 /* Frameworks */ = {
			isa = PBXGroup;
			children = (
				EE522E37FDAFE3C7FF776864 /* Pods_PhotoLibrary.framework */,
				14143EEC566C13BD35CEC79D /* Pods_PhotoLibraryTests.framework */,
				2C3C005FE01D2950A4B5FE7B /* Pods_PhotoLibraryUITests.framework */,
			);
			name = Frameworks;
			sourceTree = "<group>";
		};
		96677EAC27C128CE0046F2CC = {
			isa = PBXGroup;
			children = (
				96677EB727C128CF0046F2CC /* PhotoLibrary */,
				96677ECE27C128D10046F2CC /* PhotoLibraryTests */,
				96677EB627C128CF0046F2CC /* Products */,
				F1A769617FBC7B1AA985631F /* Pods */,
				82564B8498B0E5274A50B040 /* Frameworks */,
			);
			sourceTree = "<group>";
		};
		96677EB627C128CF0046F2CC /* Products */ = {
			isa = PBXGroup;
			children = (
				96677EB527C128CF0046F2CC /* PhotoLibrary.app */,
				96677ECB27C128D10046F2CC /* PhotoLibraryTests.xctest */,
			);
			name = Products;
			sourceTree = "<group>";
		};
		96677EB727C128CF0046F2CC /* PhotoLibrary */ = {
			isa = PBXGroup;
			children = (
				96677F1627C142AE0046F2CC /* UserInterface */,
				96677F2427C157E30046F2CC /* Clients */,
				96677F2127C157A10046F2CC /* Services */,
				96677EFD27C13AA00046F2CC /* ApiClient */,
				96677EFC27C133730046F2CC /* Models */,
				96677EFB27C1335E0046F2CC /* Utillities */,
				96ABE7DE27C7B8060064D9DE /* Extensions */,
				96677EB827C128CF0046F2CC /* AppDelegate.swift */,
				96677EBA27C128CF0046F2CC /* SceneDelegate.swift */,
				96677EC127C128D10046F2CC /* Assets.xcassets */,
				96677EC327C128D10046F2CC /* LaunchScreen.storyboard */,
				96677EC627C128D10046F2CC /* Info.plist */,
			);
			path = PhotoLibrary;
			sourceTree = "<group>";
		};
		96677ECE27C128D10046F2CC /* PhotoLibraryTests */ = {
			isa = PBXGroup;
			children = (
				96ABE7BE27C777970064D9DE /* ViewModels */,
				96ABE7B527C773ED0064D9DE /* Mocks */,
				96ABE7AC27C76F6B0064D9DE /* Services */,
				96ABE7BC27C7768D0064D9DE /* ImageClientTests.swift */,
				96ABE7AB27C76F630064D9DE /* MockUtilities */,
				96ABE7C327C77C020064D9DE /* HomeCollectionViewControllerTests.swift */,
				96ABE7C527C77D360064D9DE /* ImageDetailViewControllerTests.swift */,
			);
			path = PhotoLibraryTests;
			sourceTree = "<group>";
		};
		96677EFB27C1335E0046F2CC /* Utillities */ = {
			isa = PBXGroup;
			children = (
				96677F2C27C15FE40046F2CC /* Environment.swift */,
				96677F3427C173B00046F2CC /* Reusable.swift */,
				96677F3627C174300046F2CC /* NibLoadable.swift */,
			);
			path = Utillities;
			sourceTree = "<group>";
		};
		96677EFC27C133730046F2CC /* Models */ = {
			isa = PBXGroup;
			children = (
				96677F2727C15A190046F2CC /* ImageServiceResponse.swift */,
				96ABE7A927C65ECF0064D9DE /* FavouriteResponse.swift */,
				96ABE7A127C63FFD0064D9DE /* FavouriteImageServiceResponse.swift */,
				96ABE7C727C7845E0064D9DE /* GalleryServiceResponse.swift */,
			);
			path = Models;
			sourceTree = "<group>";
		};
		96677EFD27C13AA00046F2CC /* ApiClient */ = {
			isa = PBXGroup;
			children = (
				96677F1127C13D170046F2CC /* ErrorHandling */,
				96677F0427C13BB00046F2CC /* Encoding */,
				96677EFE27C13AC10046F2CC /* EndPointType.swift */,
				96677F0027C13B1D0046F2CC /* HTTPMethod.swift */,
				96677F0227C13B670046F2CC /* HTTPTask.swift */,
				96677F0B27C13C710046F2CC /* RestAPIService.swift */,
				96677F0D27C13CA70046F2CC /* RestResponse.swift */,
				96677F0F27C13CBE0046F2CC /* Router.swift */,
			);
			path = ApiClient;
			sourceTree = "<group>";
		};
		96677F0427C13BB00046F2CC /* Encoding */ = {
			isa = PBXGroup;
			children = (
				96677F0527C13BC10046F2CC /* JSONParameterEncoder.swift */,
				96677F0727C13BE30046F2CC /* ParameterEncoding.swift */,
				96677F0927C13C030046F2CC /* URLParameterEncoder.swift */,
			);
			path = Encoding;
			sourceTree = "<group>";
		};
		96677F1127C13D170046F2CC /* ErrorHandling */ = {
			isa = PBXGroup;
			children = (
				96677F1227C13D2A0046F2CC /* APIError.swift */,
				96677F1427C13D9E0046F2CC /* ServiceError.swift */,
			);
			path = ErrorHandling;
			sourceTree = "<group>";
		};
		96677F1627C142AE0046F2CC /* UserInterface */ = {
			isa = PBXGroup;
			children = (
				96677F1927C143FD0046F2CC /* HomeTab */,
				96677F1A27C144090046F2CC /* FavouriteTab */,
				96ABE7CB27C791C10064D9DE /* SearchTab */,
				9697A96C27C24E87006EA4F7 /* TabBarController.swift */,
			);
			path = UserInterface;
			sourceTree = "<group>";
		};
		96677F1927C143FD0046F2CC /* HomeTab */ = {
			isa = PBXGroup;
			children = (
				96677F1B27C1442D0046F2CC /* HomeCollectionView */,
				96677F4027C1812E0046F2CC /* HomeCollectionDetail */,
			);
			path = HomeTab;
			sourceTree = "<group>";
		};
		96677F1A27C144090046F2CC /* FavouriteTab */ = {
			isa = PBXGroup;
			children = (
				96ABE79C27C63B540064D9DE /* FavouriteCollectionView */,
			);
			path = FavouriteTab;
			sourceTree = "<group>";
		};
		96677F1B27C1442D0046F2CC /* HomeCollectionView */ = {
			isa = PBXGroup;
			children = (
				96677F1C27C144350046F2CC /* ViewModel */,
				96677F3827C176370046F2CC /* Cells */,
				96677F1D27C144840046F2CC /* HomeCollectionViewController.swift */,
				9697A96027C235FA006EA4F7 /* HomeCollectionViewController.xib */,
				96677F3027C171EF0046F2CC /* HomeCollectionViewDataSource.swift */,
				96677F3227C172050046F2CC /* HomeCollectionViewDelegate.swift */,
			);
			path = HomeCollectionView;
			sourceTree = "<group>";
		};
		96677F1C27C144350046F2CC /* ViewModel */ = {
			isa = PBXGroup;
			children = (
				96677F1F27C147EF0046F2CC /* HomeViewModel.swift */,
			);
			path = ViewModel;
			sourceTree = "<group>";
		};
		96677F2127C157A10046F2CC /* Services */ = {
			isa = PBXGroup;
			children = (
				96677F2927C15E500046F2CC /* EndPoint */,
				96677F2227C157DE0046F2CC /* ImageService.swift */,
			);
			path = Services;
			sourceTree = "<group>";
		};
		96677F2427C157E30046F2CC /* Clients */ = {
			isa = PBXGroup;
			children = (
				96677F2527C157F20046F2CC /* ImageClient.swift */,
			);
			path = Clients;
			sourceTree = "<group>";
		};
		96677F2927C15E500046F2CC /* EndPoint */ = {
			isa = PBXGroup;
			children = (
				96677F2A27C15E7D0046F2CC /* ImageEndPoint.swift */,
			);
			path = EndPoint;
			sourceTree = "<group>";
		};
		96677F3827C176370046F2CC /* Cells */ = {
			isa = PBXGroup;
			children = (
				96677F3927C176530046F2CC /* CustomCollectionViewCell.swift */,
				96677F3A27C176530046F2CC /* CustomCollectionViewCell.xib */,
			);
			path = Cells;
			sourceTree = "<group>";
		};
		96677F4027C1812E0046F2CC /* HomeCollectionDetail */ = {
			isa = PBXGroup;
			children = (
				96677F4327C182830046F2CC /* ViewModel */,
				96677F4127C181490046F2CC /* ImageDetailViewController.swift */,
				9697A97427C26BCB006EA4F7 /* ImageDetailViewController.xib */,
			);
			path = HomeCollectionDetail;
			sourceTree = "<group>";
		};
		96677F4327C182830046F2CC /* ViewModel */ = {
			isa = PBXGroup;
			children = (
				96677F4427C182960046F2CC /* ImageDetailViewModel.swift */,
			);
			path = ViewModel;
			sourceTree = "<group>";
		};
		96ABE79927C6386C0064D9DE /* ViewModel */ = {
			isa = PBXGroup;
			children = (
				96ABE79A27C6387E0064D9DE /* FavouriteViewModel.swift */,
			);
			path = ViewModel;
			sourceTree = "<group>";
		};
		96ABE79C27C63B540064D9DE /* FavouriteCollectionView */ = {
			isa = PBXGroup;
			children = (
				96ABE79927C6386C0064D9DE /* ViewModel */,
				9697A97627C26E43006EA4F7 /* FavouritesViewController.swift */,
				9697A97727C26E43006EA4F7 /* FavouritesViewController.xib */,
				96ABE79D27C63B830064D9DE /* FavouriteCollectionViewDataSource.swift */,
				96ABE79F27C63B920064D9DE /* FavouriteCollectionViewDelegate.swift */,
			);
			path = FavouriteCollectionView;
			sourceTree = "<group>";
		};
		96ABE7AB27C76F630064D9DE /* MockUtilities */ = {
			isa = PBXGroup;
			children = (
				96ABE7AD27C76F8D0064D9DE /* MockImageSuccessService.swift */,
				96ABE7AF27C770EA0064D9DE /* MockImageFailureService.swift */,
				96ABE7B127C7716B0064D9DE /* StubGenerator.swift */,
				96ABE7B327C7718F0064D9DE /* FileUtility.swift */,
			);
			path = MockUtilities;
			sourceTree = "<group>";
		};
		96ABE7AC27C76F6B0064D9DE /* Services */ = {
			isa = PBXGroup;
			children = (
			);
			path = Services;
			sourceTree = "<group>";
		};
		96ABE7B527C773ED0064D9DE /* Mocks */ = {
			isa = PBXGroup;
			children = (
				96ABE7B627C774360064D9DE /* ImageServiceResponse.json */,
				9625F5BE27C7CEF600F305E4 /* SearchServiceResponse.json */,
				96ABE7C927C785F00064D9DE /* GalleryServiceResponse.json */,
				96ABE7B827C774970064D9DE /* FavouriteResponse.json */,
				96ABE7BA27C774CB0064D9DE /* FavouriteImageServiceResponse.json */,
			);
			path = Mocks;
			sourceTree = "<group>";
		};
		96ABE7BE27C777970064D9DE /* ViewModels */ = {
			isa = PBXGroup;
			children = (
				96ABE7BF27C777A50064D9DE /* HomeViewModelTests.swift */,
				96ABE7C127C77A500064D9DE /* FavouriteViewModelTests.swift */,
				9625F5BA27C7CDCA00F305E4 /* SearchViewModelTests.swift */,
			);
			path = ViewModels;
			sourceTree = "<group>";
		};
		96ABE7CB27C791C10064D9DE /* SearchTab */ = {
			isa = PBXGroup;
			children = (
				96ABE7D227C792BA0064D9DE /* ViewModel */,
				96ABE7CC27C791E00064D9DE /* SearchCollectionViewController.swift */,
				96ABE7D327C794F70064D9DE /* SearchCollectionViewDataSource.swift */,
				96ABE7D527C7950C0064D9DE /* SearchCollectionViewDelegate.swift */,
				96ABE7CD27C791E00064D9DE /* SearchCollectionViewController.xib */,
				96ABE7D727C7AF880064D9DE /* Cells */,
			);
			path = SearchTab;
			sourceTree = "<group>";
		};
		96ABE7D227C792BA0064D9DE /* ViewModel */ = {
			isa = PBXGroup;
			children = (
				96ABE7D027C792B50064D9DE /* SearchViewModel.swift */,
			);
			path = ViewModel;
			sourceTree = "<group>";
		};
		96ABE7D727C7AF880064D9DE /* Cells */ = {
			isa = PBXGroup;
			children = (
				96ABE7D827C7AF9F0064D9DE /* GalleryCollectionViewCell.swift */,
				96ABE7D927C7AF9F0064D9DE /* GalleryCollectionViewCell.xib */,
			);
			path = Cells;
			sourceTree = "<group>";
		};
		96ABE7DE27C7B8060064D9DE /* Extensions */ = {
			isa = PBXGroup;
			children = (
				9625F5B627C7BD5300F305E4 /* UISearch+Extensions.swift */,
			);
			path = Extensions;
			sourceTree = "<group>";
		};
		F1A769617FBC7B1AA985631F /* Pods */ = {
			isa = PBXGroup;
			children = (
				D19D7B89F97C3FCB496FC0B8 /* Pods-PhotoLibrary.debug.xcconfig */,
				B73C7FFFC9386CF5BB378D6D /* Pods-PhotoLibrary.release.xcconfig */,
				E6B6753A7399A47F03EB4EEC /* Pods-PhotoLibrary-PhotoLibraryUITests.debug.xcconfig */,
				57670B10EF06FD3116E012D2 /* Pods-PhotoLibrary-PhotoLibraryUITests.release.xcconfig */,
				FD4821ABFD0FA9D1394A9A7A /* Pods-PhotoLibraryTests.debug.xcconfig */,
				499F4693EDA25322EFD5A6FB /* Pods-PhotoLibraryTests.release.xcconfig */,
				30C5E45FB057C92D19D7D1B8 /* Pods-PhotoLibraryUITests.debug.xcconfig */,
				B5D6273C7F569BB5FE3791DF /* Pods-PhotoLibraryUITests.release.xcconfig */,
			);
			path = Pods;
			sourceTree = "<group>";
		};
/* End PBXGroup section */

/* Begin PBXNativeTarget section */
		96677EB427C128CF0046F2CC /* PhotoLibrary */ = {
			isa = PBXNativeTarget;
			buildConfigurationList = 96677EDF27C128D10046F2CC /* Build configuration list for PBXNativeTarget "PhotoLibrary" */;
			buildPhases = (
				335368C329E3AC87BAB0BF27 /* [CP] Check Pods Manifest.lock */,
				96677EB127C128CF0046F2CC /* Sources */,
				96677EB227C128CF0046F2CC /* Frameworks */,
				96677EB327C128CF0046F2CC /* Resources */,
				96677EFA27C12FA90046F2CC /* Swift Lint Run Script */,
			);
			buildRules = (
			);
			dependencies = (
			);
			name = PhotoLibrary;
			packageProductDependencies = (
				96677F3E27C178300046F2CC /* Kingfisher */,
			);
			productName = PhotoLibrary;
			productReference = 96677EB527C128CF0046F2CC /* PhotoLibrary.app */;
			productType = "com.apple.product-type.application";
		};
		96677ECA27C128D10046F2CC /* PhotoLibraryTests */ = {
			isa = PBXNativeTarget;
			buildConfigurationList = 96677EE227C128D10046F2CC /* Build configuration list for PBXNativeTarget "PhotoLibraryTests" */;
			buildPhases = (
				E0D9D237EA4B237F27FA22B0 /* [CP] Check Pods Manifest.lock */,
				96677EC727C128D10046F2CC /* Sources */,
				96677EC827C128D10046F2CC /* Frameworks */,
				96677EC927C128D10046F2CC /* Resources */,
			);
			buildRules = (
			);
			dependencies = (
				96677ECD27C128D10046F2CC /* PBXTargetDependency */,
			);
			name = PhotoLibraryTests;
			productName = PhotoLibraryTests;
			productReference = 96677ECB27C128D10046F2CC /* PhotoLibraryTests.xctest */;
			productType = "com.apple.product-type.bundle.unit-test";
		};
/* End PBXNativeTarget section */

/* Begin PBXProject section */
		96677EAD27C128CE0046F2CC /* Project object */ = {
			isa = PBXProject;
			attributes = {
				BuildIndependentTargetsInParallel = 1;
				LastSwiftUpdateCheck = 1310;
				LastUpgradeCheck = 1310;
				TargetAttributes = {
					96677EB427C128CF0046F2CC = {
						CreatedOnToolsVersion = 13.1;
					};
					96677ECA27C128D10046F2CC = {
						CreatedOnToolsVersion = 13.1;
						TestTargetID = 96677EB427C128CF0046F2CC;
					};
				};
			};
			buildConfigurationList = 96677EB027C128CE0046F2CC /* Build configuration list for PBXProject "PhotoLibrary" */;
			compatibilityVersion = "Xcode 13.0";
			developmentRegion = en;
			hasScannedForEncodings = 0;
			knownRegions = (
				en,
				Base,
			);
			mainGroup = 96677EAC27C128CE0046F2CC;
			packageReferences = (
				96677F3D27C178300046F2CC /* XCRemoteSwiftPackageReference "Kingfisher" */,
			);
			productRefGroup = 96677EB627C128CF0046F2CC /* Products */;
			projectDirPath = "";
			projectRoot = "";
			targets = (
				96677EB427C128CF0046F2CC /* PhotoLibrary */,
				96677ECA27C128D10046F2CC /* PhotoLibraryTests */,
			);
		};
/* End PBXProject section */

/* Begin PBXResourcesBuildPhase section */
		96677EB327C128CF0046F2CC /* Resources */ = {
			isa = PBXResourcesBuildPhase;
			buildActionMask = 2147483647;
			files = (
				96677EC527C128D10046F2CC /* LaunchScreen.storyboard in Resources */,
				96677EC227C128D10046F2CC /* Assets.xcassets in Resources */,
				9697A97927C26E43006EA4F7 /* FavouritesViewController.xib in Resources */,
				9697A97527C26BCB006EA4F7 /* ImageDetailViewController.xib in Resources */,
				9697A96127C235FA006EA4F7 /* HomeCollectionViewController.xib in Resources */,
				96ABE7DB27C7AF9F0064D9DE /* GalleryCollectionViewCell.xib in Resources */,
				96677F3C27C176530046F2CC /* CustomCollectionViewCell.xib in Resources */,
				96ABE7CF27C791E00064D9DE /* SearchCollectionViewController.xib in Resources */,
			);
			runOnlyForDeploymentPostprocessing = 0;
		};
		96677EC927C128D10046F2CC /* Resources */ = {
			isa = PBXResourcesBuildPhase;
			buildActionMask = 2147483647;
			files = (
				96ABE7B927C774970064D9DE /* FavouriteResponse.json in Resources */,
				96ABE7BB27C774CB0064D9DE /* FavouriteImageServiceResponse.json in Resources */,
				96ABE7B727C774360064D9DE /* ImageServiceResponse.json in Resources */,
				9625F5BF27C7CEF600F305E4 /* SearchServiceResponse.json in Resources */,
				96ABE7CA27C785F00064D9DE /* GalleryServiceResponse.json in Resources */,
			);
			runOnlyForDeploymentPostprocessing = 0;
		};
/* End PBXResourcesBuildPhase section */

/* Begin PBXShellScriptBuildPhase section */
		335368C329E3AC87BAB0BF27 /* [CP] Check Pods Manifest.lock */ = {
			isa = PBXShellScriptBuildPhase;
			buildActionMask = 2147483647;
			files = (
			);
			inputFileListPaths = (
			);
			inputPaths = (
				"${PODS_PODFILE_DIR_PATH}/Podfile.lock",
				"${PODS_ROOT}/Manifest.lock",
			);
			name = "[CP] Check Pods Manifest.lock";
			outputFileListPaths = (
			);
			outputPaths = (
				"$(DERIVED_FILE_DIR)/Pods-PhotoLibrary-checkManifestLockResult.txt",
			);
			runOnlyForDeploymentPostprocessing = 0;
			shellPath = /bin/sh;
			shellScript = "diff \"${PODS_PODFILE_DIR_PATH}/Podfile.lock\" \"${PODS_ROOT}/Manifest.lock\" > /dev/null\nif [ $? != 0 ] ; then\n    # print error to STDERR\n    echo \"error: The sandbox is not in sync with the Podfile.lock. Run 'pod install' or update your CocoaPods installation.\" >&2\n    exit 1\nfi\n# This output is used by Xcode 'outputs' to avoid re-running this script phase.\necho \"SUCCESS\" > \"${SCRIPT_OUTPUT_FILE_0}\"\n";
			showEnvVarsInLog = 0;
		};
		96677EFA27C12FA90046F2CC /* Swift Lint Run Script */ = {
			isa = PBXShellScriptBuildPhase;
			buildActionMask = 2147483647;
			files = (
			);
			inputFileListPaths = (
			);
			inputPaths = (
			);
			name = "Swift Lint Run Script";
			outputFileListPaths = (
			);
			outputPaths = (
			);
			runOnlyForDeploymentPostprocessing = 0;
			shellPath = /bin/sh;
			shellScript = "\"${PODS_ROOT}/SwiftLint/swiftlint\"\n";
		};
		E0D9D237EA4B237F27FA22B0 /* [CP] Check Pods Manifest.lock */ = {
			isa = PBXShellScriptBuildPhase;
			buildActionMask = 2147483647;
			files = (
			);
			inputFileListPaths = (
			);
			inputPaths = (
				"${PODS_PODFILE_DIR_PATH}/Podfile.lock",
				"${PODS_ROOT}/Manifest.lock",
			);
			name = "[CP] Check Pods Manifest.lock";
			outputFileListPaths = (
			);
			outputPaths = (
				"$(DERIVED_FILE_DIR)/Pods-PhotoLibraryTests-checkManifestLockResult.txt",
			);
			runOnlyForDeploymentPostprocessing = 0;
			shellPath = /bin/sh;
			shellScript = "diff \"${PODS_PODFILE_DIR_PATH}/Podfile.lock\" \"${PODS_ROOT}/Manifest.lock\" > /dev/null\nif [ $? != 0 ] ; then\n    # print error to STDERR\n    echo \"error: The sandbox is not in sync with the Podfile.lock. Run 'pod install' or update your CocoaPods installation.\" >&2\n    exit 1\nfi\n# This output is used by Xcode 'outputs' to avoid re-running this script phase.\necho \"SUCCESS\" > \"${SCRIPT_OUTPUT_FILE_0}\"\n";
			showEnvVarsInLog = 0;
		};
/* End PBXShellScriptBuildPhase section */

/* Begin PBXSourcesBuildPhase section */
		96677EB127C128CF0046F2CC /* Sources */ = {
			isa = PBXSourcesBuildPhase;
			buildActionMask = 2147483647;
			files = (
				96677F0327C13B670046F2CC /* HTTPTask.swift in Sources */,
				96ABE7DA27C7AF9F0064D9DE /* GalleryCollectionViewCell.swift in Sources */,
				96677F3B27C176530046F2CC /* CustomCollectionViewCell.swift in Sources */,
				96677F2327C157DE0046F2CC /* ImageService.swift in Sources */,
				96677EFF27C13AC10046F2CC /* EndPointType.swift in Sources */,
				96ABE7D127C792B50064D9DE /* SearchViewModel.swift in Sources */,
				96677F0827C13BE30046F2CC /* ParameterEncoding.swift in Sources */,
				96677F2827C15A190046F2CC /* ImageServiceResponse.swift in Sources */,
				96ABE7AA27C65ECF0064D9DE /* FavouriteResponse.swift in Sources */,
				96677F3127C171EF0046F2CC /* HomeCollectionViewDataSource.swift in Sources */,
				96ABE7D627C7950C0064D9DE /* SearchCollectionViewDelegate.swift in Sources */,
				96677F1E27C144840046F2CC /* HomeCollectionViewController.swift in Sources */,
				96677F1027C13CBE0046F2CC /* Router.swift in Sources */,
				96677EB927C128CF0046F2CC /* AppDelegate.swift in Sources */,
				96677F3727C174300046F2CC /* NibLoadable.swift in Sources */,
				96677F0127C13B1D0046F2CC /* HTTPMethod.swift in Sources */,
				96677F4227C181490046F2CC /* ImageDetailViewController.swift in Sources */,
				96ABE7D427C794F70064D9DE /* SearchCollectionViewDataSource.swift in Sources */,
				9697A96D27C24E87006EA4F7 /* TabBarController.swift in Sources */,
				96677F2D27C15FE40046F2CC /* Environment.swift in Sources */,
				96677F2627C157F20046F2CC /* ImageClient.swift in Sources */,
				96677F0E27C13CA70046F2CC /* RestResponse.swift in Sources */,
				96677F0627C13BC10046F2CC /* JSONParameterEncoder.swift in Sources */,
				96677F3527C173B00046F2CC /* Reusable.swift in Sources */,
				96677EBB27C128CF0046F2CC /* SceneDelegate.swift in Sources */,
				96677F0C27C13C710046F2CC /* RestAPIService.swift in Sources */,
				96677F4527C182960046F2CC /* ImageDetailViewModel.swift in Sources */,
				96ABE7A227C63FFD0064D9DE /* FavouriteImageServiceResponse.swift in Sources */,
				96677F0A27C13C030046F2CC /* URLParameterEncoder.swift in Sources */,
				96ABE7A027C63B920064D9DE /* FavouriteCollectionViewDelegate.swift in Sources */,
				9625F5B727C7BD5300F305E4 /* UISearch+Extensions.swift in Sources */,
				96677F1527C13D9E0046F2CC /* ServiceError.swift in Sources */,
				96ABE79E27C63B830064D9DE /* FavouriteCollectionViewDataSource.swift in Sources */,
				96677F3327C172050046F2CC /* HomeCollectionViewDelegate.swift in Sources */,
				96677F2027C147EF0046F2CC /* HomeViewModel.swift in Sources */,
				96ABE7CE27C791E00064D9DE /* SearchCollectionViewController.swift in Sources */,
				96ABE79B27C6387E0064D9DE /* FavouriteViewModel.swift in Sources */,
				96677F1327C13D2A0046F2CC /* APIError.swift in Sources */,
				9697A97827C26E43006EA4F7 /* FavouritesViewController.swift in Sources */,
				96ABE7C827C7845E0064D9DE /* GalleryServiceResponse.swift in Sources */,
				96677F2B27C15E7D0046F2CC /* ImageEndPoint.swift in Sources */,
			);
			runOnlyForDeploymentPostprocessing = 0;
		};
		96677EC727C128D10046F2CC /* Sources */ = {
			isa = PBXSourcesBuildPhase;
			buildActionMask = 2147483647;
			files = (
				96ABE7C027C777A50064D9DE /* HomeViewModelTests.swift in Sources */,
				96ABE7C427C77C020064D9DE /* HomeCollectionViewControllerTests.swift in Sources */,
				96ABE7B027C770EA0064D9DE /* MockImageFailureService.swift in Sources */,
				96ABE7C227C77A500064D9DE /* FavouriteViewModelTests.swift in Sources */,
				9625F5BB27C7CDCA00F305E4 /* SearchViewModelTests.swift in Sources */,
				96ABE7BD27C7768D0064D9DE /* ImageClientTests.swift in Sources */,
				96ABE7AE27C76F8D0064D9DE /* MockImageSuccessService.swift in Sources */,
				96ABE7B227C7716B0064D9DE /* StubGenerator.swift in Sources */,
				96ABE7B427C7718F0064D9DE /* FileUtility.swift in Sources */,
				96ABE7C627C77D360064D9DE /* ImageDetailViewControllerTests.swift in Sources */,
			);
			runOnlyForDeploymentPostprocessing = 0;
		};
/* End PBXSourcesBuildPhase section */

/* Begin PBXTargetDependency section */
		96677ECD27C128D10046F2CC /* PBXTargetDependency */ = {
			isa = PBXTargetDependency;
			target = 96677EB427C128CF0046F2CC /* PhotoLibrary */;
			targetProxy = 96677ECC27C128D10046F2CC /* PBXContainerItemProxy */;
		};
/* End PBXTargetDependency section */

/* Begin PBXVariantGroup section */
		96677EC327C128D10046F2CC /* LaunchScreen.storyboard */ = {
			isa = PBXVariantGroup;
			children = (
				96677EC427C128D10046F2CC /* Base */,
			);
			name = LaunchScreen.storyboard;
			sourceTree = "<group>";
		};
/* End PBXVariantGroup section */

/* Begin XCBuildConfiguration section */
		96677EDD27C128D10046F2CC /* Debug */ = {
			isa = XCBuildConfiguration;
			buildSettings = {
				ALWAYS_SEARCH_USER_PATHS = NO;
				CLANG_ANALYZER_NONNULL = YES;
				CLANG_ANALYZER_NUMBER_OBJECT_CONVERSION = YES_AGGRESSIVE;
				CLANG_CXX_LANGUAGE_STANDARD = "gnu++17";
				CLANG_CXX_LIBRARY = "libc++";
				CLANG_ENABLE_MODULES = YES;
				CLANG_ENABLE_OBJC_ARC = YES;
				CLANG_ENABLE_OBJC_WEAK = YES;
				CLANG_WARN_BLOCK_CAPTURE_AUTORELEASING = YES;
				CLANG_WARN_BOOL_CONVERSION = YES;
				CLANG_WARN_COMMA = YES;
				CLANG_WARN_CONSTANT_CONVERSION = YES;
				CLANG_WARN_DEPRECATED_OBJC_IMPLEMENTATIONS = YES;
				CLANG_WARN_DIRECT_OBJC_ISA_USAGE = YES_ERROR;
				CLANG_WARN_DOCUMENTATION_COMMENTS = YES;
				CLANG_WARN_EMPTY_BODY = YES;
				CLANG_WARN_ENUM_CONVERSION = YES;
				CLANG_WARN_INFINITE_RECURSION = YES;
				CLANG_WARN_INT_CONVERSION = YES;
				CLANG_WARN_NON_LITERAL_NULL_CONVERSION = YES;
				CLANG_WARN_OBJC_IMPLICIT_RETAIN_SELF = YES;
				CLANG_WARN_OBJC_LITERAL_CONVERSION = YES;
				CLANG_WARN_OBJC_ROOT_CLASS = YES_ERROR;
				CLANG_WARN_QUOTED_INCLUDE_IN_FRAMEWORK_HEADER = YES;
				CLANG_WARN_RANGE_LOOP_ANALYSIS = YES;
				CLANG_WARN_STRICT_PROTOTYPES = YES;
				CLANG_WARN_SUSPICIOUS_MOVE = YES;
				CLANG_WARN_UNGUARDED_AVAILABILITY = YES_AGGRESSIVE;
				CLANG_WARN_UNREACHABLE_CODE = YES;
				CLANG_WARN__DUPLICATE_METHOD_MATCH = YES;
				COPY_PHASE_STRIP = NO;
				DEBUG_INFORMATION_FORMAT = dwarf;
				ENABLE_STRICT_OBJC_MSGSEND = YES;
				ENABLE_TESTABILITY = YES;
				GCC_C_LANGUAGE_STANDARD = gnu11;
				GCC_DYNAMIC_NO_PIC = NO;
				GCC_NO_COMMON_BLOCKS = YES;
				GCC_OPTIMIZATION_LEVEL = 0;
				GCC_PREPROCESSOR_DEFINITIONS = (
					"DEBUG=1",
					"$(inherited)",
				);
				GCC_WARN_64_TO_32_BIT_CONVERSION = YES;
				GCC_WARN_ABOUT_RETURN_TYPE = YES_ERROR;
				GCC_WARN_UNDECLARED_SELECTOR = YES;
				GCC_WARN_UNINITIALIZED_AUTOS = YES_AGGRESSIVE;
				GCC_WARN_UNUSED_FUNCTION = YES;
				GCC_WARN_UNUSED_VARIABLE = YES;
				IPHONEOS_DEPLOYMENT_TARGET = 15.0;
				MTL_ENABLE_DEBUG_INFO = INCLUDE_SOURCE;
				MTL_FAST_MATH = YES;
				ONLY_ACTIVE_ARCH = YES;
				SDKROOT = iphoneos;
				SWIFT_ACTIVE_COMPILATION_CONDITIONS = DEBUG;
				SWIFT_OPTIMIZATION_LEVEL = "-Onone";
			};
			name = Debug;
		};
		96677EDE27C128D10046F2CC /* Release */ = {
			isa = XCBuildConfiguration;
			buildSettings = {
				ALWAYS_SEARCH_USER_PATHS = NO;
				CLANG_ANALYZER_NONNULL = YES;
				CLANG_ANALYZER_NUMBER_OBJECT_CONVERSION = YES_AGGRESSIVE;
				CLANG_CXX_LANGUAGE_STANDARD = "gnu++17";
				CLANG_CXX_LIBRARY = "libc++";
				CLANG_ENABLE_MODULES = YES;
				CLANG_ENABLE_OBJC_ARC = YES;
				CLANG_ENABLE_OBJC_WEAK = YES;
				CLANG_WARN_BLOCK_CAPTURE_AUTORELEASING = YES;
				CLANG_WARN_BOOL_CONVERSION = YES;
				CLANG_WARN_COMMA = YES;
				CLANG_WARN_CONSTANT_CONVERSION = YES;
				CLANG_WARN_DEPRECATED_OBJC_IMPLEMENTATIONS = YES;
				CLANG_WARN_DIRECT_OBJC_ISA_USAGE = YES_ERROR;
				CLANG_WARN_DOCUMENTATION_COMMENTS = YES;
				CLANG_WARN_EMPTY_BODY = YES;
				CLANG_WARN_ENUM_CONVERSION = YES;
				CLANG_WARN_INFINITE_RECURSION = YES;
				CLANG_WARN_INT_CONVERSION = YES;
				CLANG_WARN_NON_LITERAL_NULL_CONVERSION = YES;
				CLANG_WARN_OBJC_IMPLICIT_RETAIN_SELF = YES;
				CLANG_WARN_OBJC_LITERAL_CONVERSION = YES;
				CLANG_WARN_OBJC_ROOT_CLASS = YES_ERROR;
				CLANG_WARN_QUOTED_INCLUDE_IN_FRAMEWORK_HEADER = YES;
				CLANG_WARN_RANGE_LOOP_ANALYSIS = YES;
				CLANG_WARN_STRICT_PROTOTYPES = YES;
				CLANG_WARN_SUSPICIOUS_MOVE = YES;
				CLANG_WARN_UNGUARDED_AVAILABILITY = YES_AGGRESSIVE;
				CLANG_WARN_UNREACHABLE_CODE = YES;
				CLANG_WARN__DUPLICATE_METHOD_MATCH = YES;
				COPY_PHASE_STRIP = NO;
				DEBUG_INFORMATION_FORMAT = "dwarf-with-dsym";
				ENABLE_NS_ASSERTIONS = NO;
				ENABLE_STRICT_OBJC_MSGSEND = YES;
				GCC_C_LANGUAGE_STANDARD = gnu11;
				GCC_NO_COMMON_BLOCKS = YES;
				GCC_WARN_64_TO_32_BIT_CONVERSION = YES;
				GCC_WARN_ABOUT_RETURN_TYPE = YES_ERROR;
				GCC_WARN_UNDECLARED_SELECTOR = YES;
				GCC_WARN_UNINITIALIZED_AUTOS = YES_AGGRESSIVE;
				GCC_WARN_UNUSED_FUNCTION = YES;
				GCC_WARN_UNUSED_VARIABLE = YES;
				IPHONEOS_DEPLOYMENT_TARGET = 15.0;
				MTL_ENABLE_DEBUG_INFO = NO;
				MTL_FAST_MATH = YES;
				SDKROOT = iphoneos;
				SWIFT_COMPILATION_MODE = wholemodule;
				SWIFT_OPTIMIZATION_LEVEL = "-O";
				VALIDATE_PRODUCT = YES;
			};
			name = Release;
		};
		96677EE027C128D10046F2CC /* Debug */ = {
			isa = XCBuildConfiguration;
			baseConfigurationReference = D19D7B89F97C3FCB496FC0B8 /* Pods-PhotoLibrary.debug.xcconfig */;
			buildSettings = {
				ASSETCATALOG_COMPILER_APPICON_NAME = AppIcon;
				ASSETCATALOG_COMPILER_GLOBAL_ACCENT_COLOR_NAME = AccentColor;
				CODE_SIGN_STYLE = Automatic;
				CURRENT_PROJECT_VERSION = 1;
				DEVELOPMENT_TEAM = 2F2R8L8539;
				GENERATE_INFOPLIST_FILE = YES;
				INFOPLIST_FILE = PhotoLibrary/Info.plist;
				INFOPLIST_KEY_UIApplicationSupportsIndirectInputEvents = YES;
				INFOPLIST_KEY_UILaunchStoryboardName = LaunchScreen;
				INFOPLIST_KEY_UISupportedInterfaceOrientations_iPad = "UIInterfaceOrientationPortrait UIInterfaceOrientationPortraitUpsideDown UIInterfaceOrientationLandscapeLeft UIInterfaceOrientationLandscapeRight";
				INFOPLIST_KEY_UISupportedInterfaceOrientations_iPhone = "UIInterfaceOrientationPortrait UIInterfaceOrientationLandscapeLeft UIInterfaceOrientationLandscapeRight";
				LD_RUNPATH_SEARCH_PATHS = (
					"$(inherited)",
					"@executable_path/Frameworks",
				);
				MARKETING_VERSION = 1.0;
				PRODUCT_BUNDLE_IDENTIFIER = com.rakeshkusuma.PhotoLibrary;
				PRODUCT_NAME = "$(TARGET_NAME)";
				SWIFT_EMIT_LOC_STRINGS = YES;
				SWIFT_VERSION = 5.0;
				TARGETED_DEVICE_FAMILY = "1,2";
			};
			name = Debug;
		};
		96677EE127C128D10046F2CC /* Release */ = {
			isa = XCBuildConfiguration;
			baseConfigurationReference = B73C7FFFC9386CF5BB378D6D /* Pods-PhotoLibrary.release.xcconfig */;
			buildSettings = {
				ASSETCATALOG_COMPILER_APPICON_NAME = AppIcon;
				ASSETCATALOG_COMPILER_GLOBAL_ACCENT_COLOR_NAME = AccentColor;
				CODE_SIGN_STYLE = Automatic;
				CURRENT_PROJECT_VERSION = 1;
				DEVELOPMENT_TEAM = 2F2R8L8539;
				GENERATE_INFOPLIST_FILE = YES;
				INFOPLIST_FILE = PhotoLibrary/Info.plist;
				INFOPLIST_KEY_UIApplicationSupportsIndirectInputEvents = YES;
				INFOPLIST_KEY_UILaunchStoryboardName = LaunchScreen;
				INFOPLIST_KEY_UISupportedInterfaceOrientations_iPad = "UIInterfaceOrientationPortrait UIInterfaceOrientationPortraitUpsideDown UIInterfaceOrientationLandscapeLeft UIInterfaceOrientationLandscapeRight";
				INFOPLIST_KEY_UISupportedInterfaceOrientations_iPhone = "UIInterfaceOrientationPortrait UIInterfaceOrientationLandscapeLeft UIInterfaceOrientationLandscapeRight";
				LD_RUNPATH_SEARCH_PATHS = (
					"$(inherited)",
					"@executable_path/Frameworks",
				);
				MARKETING_VERSION = 1.0;
				PRODUCT_BUNDLE_IDENTIFIER = com.rakeshkusuma.PhotoLibrary;
				PRODUCT_NAME = "$(TARGET_NAME)";
				SWIFT_EMIT_LOC_STRINGS = YES;
				SWIFT_VERSION = 5.0;
				TARGETED_DEVICE_FAMILY = "1,2";
			};
			name = Release;
		};
		96677EE327C128D10046F2CC /* Debug */ = {
			isa = XCBuildConfiguration;
			baseConfigurationReference = FD4821ABFD0FA9D1394A9A7A /* Pods-PhotoLibraryTests.debug.xcconfig */;
			buildSettings = {
				ALWAYS_EMBED_SWIFT_STANDARD_LIBRARIES = YES;
				BUNDLE_LOADER = "$(TEST_HOST)";
				CODE_SIGN_STYLE = Automatic;
				CURRENT_PROJECT_VERSION = 1;
				DEVELOPMENT_TEAM = 2F2R8L8539;
				GENERATE_INFOPLIST_FILE = YES;
				IPHONEOS_DEPLOYMENT_TARGET = 15.0;
				LD_RUNPATH_SEARCH_PATHS = (
					"$(inherited)",
					"@executable_path/Frameworks",
					"@loader_path/Frameworks",
				);
				MARKETING_VERSION = 1.0;
				PRODUCT_BUNDLE_IDENTIFIER = com.rakeshkusuma.PhotoLibraryTests;
				PRODUCT_NAME = "$(TARGET_NAME)";
				SWIFT_EMIT_LOC_STRINGS = NO;
				SWIFT_VERSION = 5.0;
				TARGETED_DEVICE_FAMILY = "1,2";
				TEST_HOST = "$(BUILT_PRODUCTS_DIR)/PhotoLibrary.app/PhotoLibrary";
			};
			name = Debug;
		};
		96677EE427C128D10046F2CC /* Release */ = {
			isa = XCBuildConfiguration;
			baseConfigurationReference = 499F4693EDA25322EFD5A6FB /* Pods-PhotoLibraryTests.release.xcconfig */;
			buildSettings = {
				ALWAYS_EMBED_SWIFT_STANDARD_LIBRARIES = YES;
				BUNDLE_LOADER = "$(TEST_HOST)";
				CODE_SIGN_STYLE = Automatic;
				CURRENT_PROJECT_VERSION = 1;
				DEVELOPMENT_TEAM = 2F2R8L8539;
				GENERATE_INFOPLIST_FILE = YES;
				IPHONEOS_DEPLOYMENT_TARGET = 15.0;
				LD_RUNPATH_SEARCH_PATHS = (
					"$(inherited)",
					"@executable_path/Frameworks",
					"@loader_path/Frameworks",
				);
				MARKETING_VERSION = 1.0;
				PRODUCT_BUNDLE_IDENTIFIER = com.rakeshkusuma.PhotoLibraryTests;
				PRODUCT_NAME = "$(TARGET_NAME)";
				SWIFT_EMIT_LOC_STRINGS = NO;
				SWIFT_VERSION = 5.0;
				TARGETED_DEVICE_FAMILY = "1,2";
				TEST_HOST = "$(BUILT_PRODUCTS_DIR)/PhotoLibrary.app/PhotoLibrary";
			};
			name = Release;
		};
/* End XCBuildConfiguration section */

/* Begin XCConfigurationList section */
		96677EB027C128CE0046F2CC /* Build configuration list for PBXProject "PhotoLibrary" */ = {
			isa = XCConfigurationList;
			buildConfigurations = (
				96677EDD27C128D10046F2CC /* Debug */,
				96677EDE27C128D10046F2CC /* Release */,
			);
			defaultConfigurationIsVisible = 0;
			defaultConfigurationName = Release;
		};
		96677EDF27C128D10046F2CC /* Build configuration list for PBXNativeTarget "PhotoLibrary" */ = {
			isa = XCConfigurationList;
			buildConfigurations = (
				96677EE027C128D10046F2CC /* Debug */,
				96677EE127C128D10046F2CC /* Release */,
			);
			defaultConfigurationIsVisible = 0;
			defaultConfigurationName = Release;
		};
		96677EE227C128D10046F2CC /* Build configuration list for PBXNativeTarget "PhotoLibraryTests" */ = {
			isa = XCConfigurationList;
			buildConfigurations = (
				96677EE327C128D10046F2CC /* Debug */,
				96677EE427C128D10046F2CC /* Release */,
			);
			defaultConfigurationIsVisible = 0;
			defaultConfigurationName = Release;
		};
/* End XCConfigurationList section */

/* Begin XCRemoteSwiftPackageReference section */
		96677F3D27C178300046F2CC /* XCRemoteSwiftPackageReference "Kingfisher" */ = {
			isa = XCRemoteSwiftPackageReference;
			repositoryURL = "https://github.com/onevcat/Kingfisher.git";
			requirement = {
				kind = upToNextMajorVersion;
				minimumVersion = 7.0.0;
			};
		};
/* End XCRemoteSwiftPackageReference section */

/* Begin XCSwiftPackageProductDependency section */
		96677F3E27C178300046F2CC /* Kingfisher */ = {
			isa = XCSwiftPackageProductDependency;
			package = 96677F3D27C178300046F2CC /* XCRemoteSwiftPackageReference "Kingfisher" */;
			productName = Kingfisher;
		};
/* End XCSwiftPackageProductDependency section */
	};
	rootObject = 96677EAD27C128CE0046F2CC /* Project object */;
}
